
Microsoft Visual Studio Solution File, Format Version 12.00
# Visual Studio Version 17
VisualStudioVersion = 17.3.32901.215
MinimumVisualStudioVersion = 10.0.40219.1
Project("{FAE04EC0-301F-11D3-BF4B-00C04F79EFBC}") = "Axinite.Web", "Axinite.Web\Axinite.Web.csproj", "{589A20D3-7772-47AF-A743-B3CEEC39EB2C}"
EndProject
Global
	GlobalSection(SolutionConfigurationPlatforms) = preSolution
		Debug|Any CPU = Debug|Any CPU
		Release|Any CPU = Release|Any CPU
	EndGlobalSection
	GlobalSection(ProjectConfigurationPlatforms) = postSolution
		{589A20D3-7772-47AF-A743-B3CEEC39EB2C}.Debug|Any CPU.ActiveCfg = Debug|Any CPU
		{589A20D3-7772-47AF-A743-B3CEEC39EB2C}.Debug|Any CPU.Build.0 = Debug|Any CPU
		{589A20D3-7772-47AF-A743-B3CEEC39EB2C}.Release|Any CPU.ActiveCfg = Release|Any CPU
		{589A20D3-7772-47AF-A743-B3CEEC39EB2C}.Release|Any CPU.Build.0 = Release|Any CPU
	EndGlobalSection
	GlobalSection(SolutionProperties) = preSolution
		HideSolutionNode = FALSE
	EndGlobalSection
	GlobalSection(ExtensibilityGlobals) = postSolution
		SolutionGuid = {410F50C4-0CA3-46CE-AB40-E020DFC3CC10}
	EndGlobalSection
EndGlobal
